
Microsoft Visual Studio Solution File, Format Version 12.00
# Visual Studio Version 16
VisualStudioVersion = 16.0.29001.49
MinimumVisualStudioVersion = 10.0.40219.1
Project("{8BC9CEB8-8B4A-11D0-8D11-00A0C91BC942}") = "spi-util", "spi_util\spi-util.v16.vcxproj", "{798112FA-9159-11E9-8E39-34E12D458C69}"
	ProjectSection(ProjectDependencies) = postProject
		{81FA2FBE-839F-4652-8026-C230E1C498C3} = {81FA2FBE-839F-4652-8026-C230E1C498C3}
		{A644B1B0-A8CD-11E5-82BB-0025647E0603} = {A644B1B0-A8CD-11E5-82BB-0025647E0603}
	EndProjectSection
EndProject
Project("{8BC9CEB8-8B4A-11D0-8D11-00A0C91BC942}") = "spi-dll", "dll\spi-dll.v16.vcxproj", "{27F180CF-9B25-11E2-8746-C485083D28D0}"
	ProjectSection(ProjectDependencies) = postProject
		{798112FA-9159-11E9-8E39-34E12D458C69} = {798112FA-9159-11E9-8E39-34E12D458C69}
		{8B17072E-9957-11EA-B465-DCFE07D3132C} = {8B17072E-9957-11EA-B465-DCFE07D3132C}
	EndProjectSection
EndProject
Project("{8BC9CEB8-8B4A-11D0-8D11-00A0C91BC942}") = "sppy-dll", "python\sppy-dll.v16.vcxproj", "{5660688F-DEE6-11E3-8EB6-C4850839C16D}"
	ProjectSection(ProjectDependencies) = postProject
		{27F180CF-9B25-11E2-8746-C485083D28D0} = {27F180CF-9B25-11E2-8746-C485083D28D0}
		{798112FA-9159-11E9-8E39-34E12D458C69} = {798112FA-9159-11E9-8E39-34E12D458C69}
		{8B17072E-9957-11EA-B465-DCFE07D3132C} = {8B17072E-9957-11EA-B465-DCFE07D3132C}
	EndProjectSection
EndProject
Project("{8BC9CEB8-8B4A-11D0-8D11-00A0C91BC942}") = "spi_curl", "spi_curl\spi_curl.v16.vcxproj", "{A644B1B0-A8CD-11E5-82BB-0025647E0603}"
EndProject
Project("{8BC9CEB8-8B4A-11D0-8D11-00A0C91BC942}") = "spdoc", "svo\spdoc\spdoc.v16.vcxproj", "{A83EFFF0-BBE7-11E7-9B16-AC2B6E11458A}"
	ProjectSection(ProjectDependencies) = postProject
		{27F180CF-9B25-11E2-8746-C485083D28D0} = {27F180CF-9B25-11E2-8746-C485083D28D0}
		{5660688F-DEE6-11E3-8EB6-C4850839C16D} = {5660688F-DEE6-11E3-8EB6-C4850839C16D}
		{798112FA-9159-11E9-8E39-34E12D458C69} = {798112FA-9159-11E9-8E39-34E12D458C69}
	EndProjectSection
EndProject
Project("{8BC9CEB8-8B4A-11D0-8D11-00A0C91BC942}") = "xlcall32", "xlcall32\xlcall32.v16.vcxproj", "{053FC79E-C01D-11E7-891E-AC2B6E11458A}"
EndProject
Project("{8BC9CEB8-8B4A-11D0-8D11-00A0C91BC942}") = "xltest", "xltest\xltest.v16.vcxproj", "{55D534AE-91CD-11E9-B460-AC2B6E11458A}"
EndProject
Project("{8BC9CEB8-8B4A-11D0-8D11-00A0C91BC942}") = "replay-dll", "replay\dll\replay-dll.v16.vcxproj", "{633E0EDE-C6D3-11E7-8EC5-AC2B6E11458A}"
	ProjectSection(ProjectDependencies) = postProject
		{27F180CF-9B25-11E2-8746-C485083D28D0} = {27F180CF-9B25-11E2-8746-C485083D28D0}
		{798112FA-9159-11E9-8E39-34E12D458C69} = {798112FA-9159-11E9-8E39-34E12D458C69}
	EndProjectSection
EndProject
Project("{8BC9CEB8-8B4A-11D0-8D11-00A0C91BC942}") = "replay-python", "replay\python\replay-python.v16.vcxproj", "{A5BB2E00-C6D9-11E7-9E01-AC2B6E11458A}"
	ProjectSection(ProjectDependencies) = postProject
		{5660688F-DEE6-11E3-8EB6-C4850839C16D} = {5660688F-DEE6-11E3-8EB6-C4850839C16D}
		{633E0EDE-C6D3-11E7-8EC5-AC2B6E11458A} = {633E0EDE-C6D3-11E7-8EC5-AC2B6E11458A}
	EndProjectSection
EndProject
Project("{8BC9CEB8-8B4A-11D0-8D11-00A0C91BC942}") = "replay-python-install", "replay\python\replay-python-install.v16.vcxproj", "{A5B0F4CF-C6D9-11E7-822B-AC2B6E11458A}"
	ProjectSection(ProjectDependencies) = postProject
		{A5BB2E00-C6D9-11E7-9E01-AC2B6E11458A} = {A5BB2E00-C6D9-11E7-9E01-AC2B6E11458A}
	EndProjectSection
EndProject
Project("{8BC9CEB8-8B4A-11D0-8D11-00A0C91BC942}") = "spxl-dll", "excel\spxl-dll.v16.vcxproj", "{824B76E1-0B90-11E8-9FD9-AC2B6E11458A}"
	ProjectSection(ProjectDependencies) = postProject
		{27F180CF-9B25-11E2-8746-C485083D28D0} = {27F180CF-9B25-11E2-8746-C485083D28D0}
		{798112FA-9159-11E9-8E39-34E12D458C69} = {798112FA-9159-11E9-8E39-34E12D458C69}
		{8B17072E-9957-11EA-B465-DCFE07D3132C} = {8B17072E-9957-11EA-B465-DCFE07D3132C}
	EndProjectSection
EndProject
Project("{8BC9CEB8-8B4A-11D0-8D11-00A0C91BC942}") = "spi-boost-lib", "spi_boost\lib\spi-boost-lib.v16.vcxproj", "{8B17072E-9957-11EA-B465-DCFE07D3132C}"
EndProject
Project("{8BC9CEB8-8B4A-11D0-8D11-00A0C91BC942}") = "spi-c-dll", "c\spi-c-dll.v16.vcxproj", "{3B0B364F-29C8-11EA-B858-AC2B6E11458A}"
	ProjectSection(ProjectDependencies) = postProject
		{27F180CF-9B25-11E2-8746-C485083D28D0} = {27F180CF-9B25-11E2-8746-C485083D28D0}
		{798112FA-9159-11E9-8E39-34E12D458C69} = {798112FA-9159-11E9-8E39-34E12D458C69}
		{8B17072E-9957-11EA-B465-DCFE07D3132C} = {8B17072E-9957-11EA-B465-DCFE07D3132C}
	EndProjectSection
EndProject
Project("{2150E333-8FDC-42A3-9474-1A3956D46DE8}") = "runtime", "runtime", "{6DB8A382-131E-4902-8484-4935B37B0B01}"
	ProjectSection(SolutionItems) = preProject
		LGPL.h = LGPL.h
		LICENSE = LICENSE
		README.md = README.md
	EndProjectSection
EndProject
Project("{2150E333-8FDC-42A3-9474-1A3956D46DE8}") = "code generators", "code generators", "{FAEBF765-64AD-483E-A581-47267FCB586B}"
	ProjectSection(SolutionItems) = preProject
		code-generators\GPL.h = code-generators\GPL.h
		code-generators\LICENSE = code-generators\LICENSE
	EndProjectSection
EndProject
Project("{8BC9CEB8-8B4A-11D0-8D11-00A0C91BC942}") = "spcl-exe", "code-generators\spcl\spcl-exe.v16.vcxproj", "{0EAC096E-915B-11E9-AD4E-34E12D458C69}"
	ProjectSection(ProjectDependencies) = postProject
		{0DC26036-915B-11E9-92F6-34E12D458C69} = {0DC26036-915B-11E9-92F6-34E12D458C69}
		{0E8D0CA2-915B-11E9-B91C-34E12D458C69} = {0E8D0CA2-915B-11E9-B91C-34E12D458C69}
		{49A23208-9913-11EA-8560-DCFE07D3132C} = {49A23208-9913-11EA-8560-DCFE07D3132C}
		{81FA2FBE-839F-4652-8026-C230E1C498C3} = {81FA2FBE-839F-4652-8026-C230E1C498C3}
	EndProjectSection
EndProject
Project("{8BC9CEB8-8B4A-11D0-8D11-00A0C91BC942}") = "spc-exe", "code-generators\spc\spc-exe.v16.vcxproj", "{CBBCCD6E-FFAD-11EC-9F51-AC2B6E11458A}"
	ProjectSection(ProjectDependencies) = postProject
		{0DC26036-915B-11E9-92F6-34E12D458C69} = {0DC26036-915B-11E9-92F6-34E12D458C69}
		{0E8D0CA2-915B-11E9-B91C-34E12D458C69} = {0E8D0CA2-915B-11E9-B91C-34E12D458C69}
		{49A23208-9913-11EA-8560-DCFE07D3132C} = {49A23208-9913-11EA-8560-DCFE07D3132C}
		{81FA2FBE-839F-4652-8026-C230E1C498C3} = {81FA2FBE-839F-4652-8026-C230E1C498C3}
	EndProjectSection
EndProject
Project("{8BC9CEB8-8B4A-11D0-8D11-00A0C91BC942}") = "spcs-exe", "code-generators\spcs\spcs-exe.v16.vcxproj", "{DDC58770-2684-11EA-B617-AC2B6E11458A}"
	ProjectSection(ProjectDependencies) = postProject
		{0DC26036-915B-11E9-92F6-34E12D458C69} = {0DC26036-915B-11E9-92F6-34E12D458C69}
		{0E8D0CA2-915B-11E9-B91C-34E12D458C69} = {0E8D0CA2-915B-11E9-B91C-34E12D458C69}
		{49A23208-9913-11EA-8560-DCFE07D3132C} = {49A23208-9913-11EA-8560-DCFE07D3132C}
		{81FA2FBE-839F-4652-8026-C230E1C498C3} = {81FA2FBE-839F-4652-8026-C230E1C498C3}
	EndProjectSection
EndProject
Project("{8BC9CEB8-8B4A-11D0-8D11-00A0C91BC942}") = "spdoc-config", "code-generators\spdoc\spdoc-config.v16.vcxproj", "{7C327B2E-BEE9-11E7-9023-AC2B6E11458A}"
	ProjectSection(ProjectDependencies) = postProject
		{32D9F6A5-8CF8-43AD-8B0D-5151AC4DB686} = {32D9F6A5-8CF8-43AD-8B0D-5151AC4DB686}
	EndProjectSection
EndProject
Project("{8BC9CEB8-8B4A-11D0-8D11-00A0C91BC942}") = "spgtools", "code-generators\spgtools\spgtools.v16.vcxproj", "{0E8D0CA2-915B-11E9-B91C-34E12D458C69}"
EndProject
Project("{8BC9CEB8-8B4A-11D0-8D11-00A0C91BC942}") = "sppy-exe", "code-generators\sppy\sppy-exe.v16.vcxproj", "{0EE2DC28-915B-11E9-B1D9-34E12D458C69}"
	ProjectSection(ProjectDependencies) = postProject
		{0DC26036-915B-11E9-92F6-34E12D458C69} = {0DC26036-915B-11E9-92F6-34E12D458C69}
		{0E8D0CA2-915B-11E9-B91C-34E12D458C69} = {0E8D0CA2-915B-11E9-B91C-34E12D458C69}
		{49A23208-9913-11EA-8560-DCFE07D3132C} = {49A23208-9913-11EA-8560-DCFE07D3132C}
		{81FA2FBE-839F-4652-8026-C230E1C498C3} = {81FA2FBE-839F-4652-8026-C230E1C498C3}
	EndProjectSection
EndProject
Project("{8BC9CEB8-8B4A-11D0-8D11-00A0C91BC942}") = "sptex-exe", "code-generators\sptex\sptex-exe.v16.vcxproj", "{0F01D8AC-915B-11E9-9AB1-34E12D458C69}"
	ProjectSection(ProjectDependencies) = postProject
		{0DC26036-915B-11E9-92F6-34E12D458C69} = {0DC26036-915B-11E9-92F6-34E12D458C69}
		{0E8D0CA2-915B-11E9-B91C-34E12D458C69} = {0E8D0CA2-915B-11E9-B91C-34E12D458C69}
		{49A23208-9913-11EA-8560-DCFE07D3132C} = {49A23208-9913-11EA-8560-DCFE07D3132C}
		{81FA2FBE-839F-4652-8026-C230E1C498C3} = {81FA2FBE-839F-4652-8026-C230E1C498C3}
	EndProjectSection
EndProject
Project("{8BC9CEB8-8B4A-11D0-8D11-00A0C91BC942}") = "spxl-exe", "code-generators\spxl\spxl-exe.v16.vcxproj", "{0F27FBF6-915B-11E9-89D8-34E12D458C69}"
	ProjectSection(ProjectDependencies) = postProject
		{0DC26036-915B-11E9-92F6-34E12D458C69} = {0DC26036-915B-11E9-92F6-34E12D458C69}
		{0E8D0CA2-915B-11E9-B91C-34E12D458C69} = {0E8D0CA2-915B-11E9-B91C-34E12D458C69}
		{49A23208-9913-11EA-8560-DCFE07D3132C} = {49A23208-9913-11EA-8560-DCFE07D3132C}
		{81FA2FBE-839F-4652-8026-C230E1C498C3} = {81FA2FBE-839F-4652-8026-C230E1C498C3}
	EndProjectSection
EndProject
Project("{8BC9CEB8-8B4A-11D0-8D11-00A0C91BC942}") = "spi-lib", "lib\spi-lib.v16.vcxproj", "{0DC26036-915B-11E9-92F6-34E12D458C69}"
	ProjectSection(ProjectDependencies) = postProject
		{7C327B2E-BEE9-11E7-9023-AC2B6E11458A} = {7C327B2E-BEE9-11E7-9023-AC2B6E11458A}
	EndProjectSection
EndProject
Project("{8BC9CEB8-8B4A-11D0-8D11-00A0C91BC942}") = "spi-util-lib", "spi_util\lib\spi-util-lib.v16.vcxproj", "{49A23208-9913-11EA-8560-DCFE07D3132C}"
EndProject
Project("{8BC9CEB8-8B4A-11D0-8D11-00A0C91BC942}") = "types-config", "code-generators\spcl\types\types-config.v16.vcxproj", "{C2754897-AFD8-4429-99F0-0B2E4B86DAE5}"
	ProjectSection(ProjectDependencies) = postProject
		{32D9F6A5-8CF8-43AD-8B0D-5151AC4DB686} = {32D9F6A5-8CF8-43AD-8B0D-5151AC4DB686}
	EndProjectSection
EndProject
Project("{8BC9CEB8-8B4A-11D0-8D11-00A0C91BC942}") = "config-build", "code-generators\config-build.v16.vcxproj", "{32D9F6A5-8CF8-43AD-8B0D-5151AC4DB686}"
EndProject
Project("{8BC9CEB8-8B4A-11D0-8D11-00A0C91BC942}") = "gendep", "makefiles\gendep\gendep.v16.vcxproj", "{2F6D8B9C-0FE3-4915-828F-248E2CFB807D}"
EndProject
Project("{8BC9CEB8-8B4A-11D0-8D11-00A0C91BC942}") = "all", "all.v16.vcxproj", "{251BD000-4DE2-48FF-939C-BF51D09AD9A2}"
	ProjectSection(ProjectDependencies) = postProject
		{2F6D8B9C-0FE3-4915-828F-248E2CFB807D} = {2F6D8B9C-0FE3-4915-828F-248E2CFB807D}
		{32D9F6A5-8CF8-43AD-8B0D-5151AC4DB686} = {32D9F6A5-8CF8-43AD-8B0D-5151AC4DB686}
	EndProjectSection
EndProject
Project("{8BC9CEB8-8B4A-11D0-8D11-00A0C91BC942}") = "cversion", "makefiles\cversion\cversion.v16.vcxproj", "{87AEDBD4-A1E3-4BA8-AA7B-61E7370CFDCF}"
EndProject
Project("{8BC9CEB8-8B4A-11D0-8D11-00A0C91BC942}") = "makefiles", "makefiles\makefiles.v16.vcxproj", "{9F555C11-EFBE-4A8C-93AF-151D7C363677}"
EndProject
Project("{8BC9CEB8-8B4A-11D0-8D11-00A0C91BC942}") = "zlib", "zlib\zlib.v16.vcxproj", "{81FA2FBE-839F-4652-8026-C230E1C498C3}"
EndProject
Project("{8BC9CEB8-8B4A-11D0-8D11-00A0C91BC942}") = "refresh-projects", "refresh-projects.v16.vcxproj", "{D9BF6CD6-6CB2-4191-A9B7-5B47565472C2}"
EndProject
Project("{2150E333-8FDC-42A3-9474-1A3956D46DE8}") = "testing", "testing", "{02EA681E-C7D8-13C7-8484-4AC65E1B71E8}"
EndProject
Project("{8BC9CEB8-8B4A-11D0-8D11-00A0C91BC942}") = "test-inner", "test\lib\test-inner.v16.vcxproj", "{F5460115-3D63-442A-AC08-C77196DA1C04}"
EndProject
Project("{8BC9CEB8-8B4A-11D0-8D11-00A0C91BC942}") = "test-config", "test\config\test-config.v16.vcxproj", "{9BF70764-FCD7-4558-A426-B269054D39CA}"
	ProjectSection(ProjectDependencies) = postProject
		{32D9F6A5-8CF8-43AD-8B0D-5151AC4DB686} = {32D9F6A5-8CF8-43AD-8B0D-5151AC4DB686}
	EndProjectSection
EndProject
Project("{8BC9CEB8-8B4A-11D0-8D11-00A0C91BC942}") = "test-dll", "test\dll\test-dll.v16.vcxproj", "{67D5C6EA-5738-47A7-9448-62C4729211CA}"
	ProjectSection(ProjectDependencies) = postProject
		{27F180CF-9B25-11E2-8746-C485083D28D0} = {27F180CF-9B25-11E2-8746-C485083D28D0}
		{798112FA-9159-11E9-8E39-34E12D458C69} = {798112FA-9159-11E9-8E39-34E12D458C69}
		{8B17072E-9957-11EA-B465-DCFE07D3132C} = {8B17072E-9957-11EA-B465-DCFE07D3132C}
		{9BF70764-FCD7-4558-A426-B269054D39CA} = {9BF70764-FCD7-4558-A426-B269054D39CA}
		{F5460115-3D63-442A-AC08-C77196DA1C04} = {F5460115-3D63-442A-AC08-C77196DA1C04}
	EndProjectSection
EndProject
Project("{8BC9CEB8-8B4A-11D0-8D11-00A0C91BC942}") = "run-all-tests", "test\run-all-tests.v16.vcxproj", "{38A7CC98-1090-4C59-97E7-10BE8E4DFB8B}"
	ProjectSection(ProjectDependencies) = postProject
		{67D5C6EA-5738-47A7-9448-62C4729211CA} = {67D5C6EA-5738-47A7-9448-62C4729211CA}
	EndProjectSection
EndProject
Global
	GlobalSection(SolutionConfigurationPlatforms) = preSolution
		Debug|x64 = Debug|x64
		Debug|x86 = Debug|x86
		Release|x64 = Release|x64
		Release|x86 = Release|x86
	EndGlobalSection
	GlobalSection(ProjectConfigurationPlatforms) = postSolution
		{798112FA-9159-11E9-8E39-34E12D458C69}.Debug|x64.ActiveCfg = Debug|x64
		{798112FA-9159-11E9-8E39-34E12D458C69}.Debug|x64.Build.0 = Debug|x64
		{798112FA-9159-11E9-8E39-34E12D458C69}.Debug|x86.ActiveCfg = Debug|Win32
		{798112FA-9159-11E9-8E39-34E12D458C69}.Debug|x86.Build.0 = Debug|Win32
		{798112FA-9159-11E9-8E39-34E12D458C69}.Release|x64.ActiveCfg = Release|x64
		{798112FA-9159-11E9-8E39-34E12D458C69}.Release|x64.Build.0 = Release|x64
		{798112FA-9159-11E9-8E39-34E12D458C69}.Release|x86.ActiveCfg = Release|Win32
		{798112FA-9159-11E9-8E39-34E12D458C69}.Release|x86.Build.0 = Release|Win32
		{27F180CF-9B25-11E2-8746-C485083D28D0}.Debug|x64.ActiveCfg = Debug|x64
		{27F180CF-9B25-11E2-8746-C485083D28D0}.Debug|x64.Build.0 = Debug|x64
		{27F180CF-9B25-11E2-8746-C485083D28D0}.Debug|x86.ActiveCfg = Debug|Win32
		{27F180CF-9B25-11E2-8746-C485083D28D0}.Debug|x86.Build.0 = Debug|Win32
		{27F180CF-9B25-11E2-8746-C485083D28D0}.Release|x64.ActiveCfg = Release|x64
		{27F180CF-9B25-11E2-8746-C485083D28D0}.Release|x64.Build.0 = Release|x64
		{27F180CF-9B25-11E2-8746-C485083D28D0}.Release|x86.ActiveCfg = Release|Win32
		{27F180CF-9B25-11E2-8746-C485083D28D0}.Release|x86.Build.0 = Release|Win32
		{5660688F-DEE6-11E3-8EB6-C4850839C16D}.Debug|x64.ActiveCfg = Debug|x64
		{5660688F-DEE6-11E3-8EB6-C4850839C16D}.Debug|x64.Build.0 = Debug|x64
		{5660688F-DEE6-11E3-8EB6-C4850839C16D}.Debug|x86.ActiveCfg = Debug|Win32
		{5660688F-DEE6-11E3-8EB6-C4850839C16D}.Debug|x86.Build.0 = Debug|Win32
		{5660688F-DEE6-11E3-8EB6-C4850839C16D}.Release|x64.ActiveCfg = Release|x64
		{5660688F-DEE6-11E3-8EB6-C4850839C16D}.Release|x64.Build.0 = Release|x64
		{5660688F-DEE6-11E3-8EB6-C4850839C16D}.Release|x86.ActiveCfg = Release|Win32
		{5660688F-DEE6-11E3-8EB6-C4850839C16D}.Release|x86.Build.0 = Release|Win32
		{A644B1B0-A8CD-11E5-82BB-0025647E0603}.Debug|x64.ActiveCfg = Debug|x64
		{A644B1B0-A8CD-11E5-82BB-0025647E0603}.Debug|x64.Build.0 = Debug|x64
		{A644B1B0-A8CD-11E5-82BB-0025647E0603}.Debug|x86.ActiveCfg = Debug|Win32
		{A644B1B0-A8CD-11E5-82BB-0025647E0603}.Debug|x86.Build.0 = Debug|Win32
		{A644B1B0-A8CD-11E5-82BB-0025647E0603}.Release|x64.ActiveCfg = Release|x64
		{A644B1B0-A8CD-11E5-82BB-0025647E0603}.Release|x64.Build.0 = Release|x64
		{A644B1B0-A8CD-11E5-82BB-0025647E0603}.Release|x86.ActiveCfg = Release|Win32
		{A644B1B0-A8CD-11E5-82BB-0025647E0603}.Release|x86.Build.0 = Release|Win32
		{A83EFFF0-BBE7-11E7-9B16-AC2B6E11458A}.Debug|x64.ActiveCfg = Debug|x64
		{A83EFFF0-BBE7-11E7-9B16-AC2B6E11458A}.Debug|x64.Build.0 = Debug|x64
		{A83EFFF0-BBE7-11E7-9B16-AC2B6E11458A}.Debug|x86.ActiveCfg = Debug|Win32
		{A83EFFF0-BBE7-11E7-9B16-AC2B6E11458A}.Debug|x86.Build.0 = Debug|Win32
		{A83EFFF0-BBE7-11E7-9B16-AC2B6E11458A}.Release|x64.ActiveCfg = Release|x64
		{A83EFFF0-BBE7-11E7-9B16-AC2B6E11458A}.Release|x64.Build.0 = Release|x64
		{A83EFFF0-BBE7-11E7-9B16-AC2B6E11458A}.Release|x86.ActiveCfg = Release|Win32
		{A83EFFF0-BBE7-11E7-9B16-AC2B6E11458A}.Release|x86.Build.0 = Release|Win32
		{053FC79E-C01D-11E7-891E-AC2B6E11458A}.Debug|x64.ActiveCfg = Debug|x64
		{053FC79E-C01D-11E7-891E-AC2B6E11458A}.Debug|x64.Build.0 = Debug|x64
		{053FC79E-C01D-11E7-891E-AC2B6E11458A}.Debug|x86.ActiveCfg = Debug|Win32
		{053FC79E-C01D-11E7-891E-AC2B6E11458A}.Debug|x86.Build.0 = Debug|Win32
		{053FC79E-C01D-11E7-891E-AC2B6E11458A}.Release|x64.ActiveCfg = Release|x64
		{053FC79E-C01D-11E7-891E-AC2B6E11458A}.Release|x64.Build.0 = Release|x64
		{053FC79E-C01D-11E7-891E-AC2B6E11458A}.Release|x86.ActiveCfg = Release|Win32
		{053FC79E-C01D-11E7-891E-AC2B6E11458A}.Release|x86.Build.0 = Release|Win32
		{55D534AE-91CD-11E9-B460-AC2B6E11458A}.Debug|x64.ActiveCfg = Debug|x64
		{55D534AE-91CD-11E9-B460-AC2B6E11458A}.Debug|x64.Build.0 = Debug|x64
		{55D534AE-91CD-11E9-B460-AC2B6E11458A}.Debug|x86.ActiveCfg = Debug|Win32
		{55D534AE-91CD-11E9-B460-AC2B6E11458A}.Debug|x86.Build.0 = Debug|Win32
		{55D534AE-91CD-11E9-B460-AC2B6E11458A}.Release|x64.ActiveCfg = Release|x64
		{55D534AE-91CD-11E9-B460-AC2B6E11458A}.Release|x64.Build.0 = Release|x64
		{55D534AE-91CD-11E9-B460-AC2B6E11458A}.Release|x86.ActiveCfg = Release|Win32
		{55D534AE-91CD-11E9-B460-AC2B6E11458A}.Release|x86.Build.0 = Release|Win32
		{633E0EDE-C6D3-11E7-8EC5-AC2B6E11458A}.Debug|x64.ActiveCfg = Debug|x64
		{633E0EDE-C6D3-11E7-8EC5-AC2B6E11458A}.Debug|x64.Build.0 = Debug|x64
		{633E0EDE-C6D3-11E7-8EC5-AC2B6E11458A}.Debug|x86.ActiveCfg = Debug|Win32
		{633E0EDE-C6D3-11E7-8EC5-AC2B6E11458A}.Debug|x86.Build.0 = Debug|Win32
		{633E0EDE-C6D3-11E7-8EC5-AC2B6E11458A}.Release|x64.ActiveCfg = Release|x64
		{633E0EDE-C6D3-11E7-8EC5-AC2B6E11458A}.Release|x64.Build.0 = Release|x64
		{633E0EDE-C6D3-11E7-8EC5-AC2B6E11458A}.Release|x86.ActiveCfg = Release|Win32
		{633E0EDE-C6D3-11E7-8EC5-AC2B6E11458A}.Release|x86.Build.0 = Release|Win32
		{A5BB2E00-C6D9-11E7-9E01-AC2B6E11458A}.Debug|x64.ActiveCfg = Debug|x64
		{A5BB2E00-C6D9-11E7-9E01-AC2B6E11458A}.Debug|x64.Build.0 = Debug|x64
		{A5BB2E00-C6D9-11E7-9E01-AC2B6E11458A}.Debug|x86.ActiveCfg = Debug|Win32
		{A5BB2E00-C6D9-11E7-9E01-AC2B6E11458A}.Debug|x86.Build.0 = Debug|Win32
		{A5BB2E00-C6D9-11E7-9E01-AC2B6E11458A}.Release|x64.ActiveCfg = Release|x64
		{A5BB2E00-C6D9-11E7-9E01-AC2B6E11458A}.Release|x64.Build.0 = Release|x64
		{A5BB2E00-C6D9-11E7-9E01-AC2B6E11458A}.Release|x86.ActiveCfg = Release|Win32
		{A5BB2E00-C6D9-11E7-9E01-AC2B6E11458A}.Release|x86.Build.0 = Release|Win32
		{A5B0F4CF-C6D9-11E7-822B-AC2B6E11458A}.Debug|x64.ActiveCfg = Debug|x64
		{A5B0F4CF-C6D9-11E7-822B-AC2B6E11458A}.Debug|x64.Build.0 = Debug|x64
		{A5B0F4CF-C6D9-11E7-822B-AC2B6E11458A}.Debug|x86.ActiveCfg = Debug|Win32
		{A5B0F4CF-C6D9-11E7-822B-AC2B6E11458A}.Debug|x86.Build.0 = Debug|Win32
		{A5B0F4CF-C6D9-11E7-822B-AC2B6E11458A}.Release|x64.ActiveCfg = Release|x64
		{A5B0F4CF-C6D9-11E7-822B-AC2B6E11458A}.Release|x64.Build.0 = Release|x64
		{A5B0F4CF-C6D9-11E7-822B-AC2B6E11458A}.Release|x86.ActiveCfg = Release|Win32
		{A5B0F4CF-C6D9-11E7-822B-AC2B6E11458A}.Release|x86.Build.0 = Release|Win32
		{824B76E1-0B90-11E8-9FD9-AC2B6E11458A}.Debug|x64.ActiveCfg = Debug|x64
		{824B76E1-0B90-11E8-9FD9-AC2B6E11458A}.Debug|x64.Build.0 = Debug|x64
		{824B76E1-0B90-11E8-9FD9-AC2B6E11458A}.Debug|x86.ActiveCfg = Debug|Win32
		{824B76E1-0B90-11E8-9FD9-AC2B6E11458A}.Debug|x86.Build.0 = Debug|Win32
		{824B76E1-0B90-11E8-9FD9-AC2B6E11458A}.Release|x64.ActiveCfg = Release|x64
		{824B76E1-0B90-11E8-9FD9-AC2B6E11458A}.Release|x64.Build.0 = Release|x64
		{824B76E1-0B90-11E8-9FD9-AC2B6E11458A}.Release|x86.ActiveCfg = Release|Win32
		{824B76E1-0B90-11E8-9FD9-AC2B6E11458A}.Release|x86.Build.0 = Release|Win32
		{8B17072E-9957-11EA-B465-DCFE07D3132C}.Debug|x64.ActiveCfg = Debug|x64
		{8B17072E-9957-11EA-B465-DCFE07D3132C}.Debug|x64.Build.0 = Debug|x64
		{8B17072E-9957-11EA-B465-DCFE07D3132C}.Debug|x86.ActiveCfg = Debug|Win32
		{8B17072E-9957-11EA-B465-DCFE07D3132C}.Debug|x86.Build.0 = Debug|Win32
		{8B17072E-9957-11EA-B465-DCFE07D3132C}.Release|x64.ActiveCfg = Release|x64
		{8B17072E-9957-11EA-B465-DCFE07D3132C}.Release|x64.Build.0 = Release|x64
		{8B17072E-9957-11EA-B465-DCFE07D3132C}.Release|x86.ActiveCfg = Release|Win32
		{8B17072E-9957-11EA-B465-DCFE07D3132C}.Release|x86.Build.0 = Release|Win32
		{3B0B364F-29C8-11EA-B858-AC2B6E11458A}.Debug|x64.ActiveCfg = Debug|x64
		{3B0B364F-29C8-11EA-B858-AC2B6E11458A}.Debug|x64.Build.0 = Debug|x64
		{3B0B364F-29C8-11EA-B858-AC2B6E11458A}.Debug|x86.ActiveCfg = Debug|Win32
		{3B0B364F-29C8-11EA-B858-AC2B6E11458A}.Debug|x86.Build.0 = Debug|Win32
		{3B0B364F-29C8-11EA-B858-AC2B6E11458A}.Release|x64.ActiveCfg = Release|x64
		{3B0B364F-29C8-11EA-B858-AC2B6E11458A}.Release|x64.Build.0 = Release|x64
		{3B0B364F-29C8-11EA-B858-AC2B6E11458A}.Release|x86.ActiveCfg = Release|Win32
		{3B0B364F-29C8-11EA-B858-AC2B6E11458A}.Release|x86.Build.0 = Release|Win32
		{0EAC096E-915B-11E9-AD4E-34E12D458C69}.Debug|x64.ActiveCfg = Debug|x64
		{0EAC096E-915B-11E9-AD4E-34E12D458C69}.Debug|x64.Build.0 = Debug|x64
		{0EAC096E-915B-11E9-AD4E-34E12D458C69}.Debug|x86.ActiveCfg = Debug|Win32
		{0EAC096E-915B-11E9-AD4E-34E12D458C69}.Debug|x86.Build.0 = Debug|Win32
		{0EAC096E-915B-11E9-AD4E-34E12D458C69}.Release|x64.ActiveCfg = Release|x64
		{0EAC096E-915B-11E9-AD4E-34E12D458C69}.Release|x64.Build.0 = Release|x64
		{0EAC096E-915B-11E9-AD4E-34E12D458C69}.Release|x86.ActiveCfg = Release|Win32
		{0EAC096E-915B-11E9-AD4E-34E12D458C69}.Release|x86.Build.0 = Release|Win32
		{CBBCCD6E-FFAD-11EC-9F51-AC2B6E11458A}.Debug|x64.ActiveCfg = Debug|x64
		{CBBCCD6E-FFAD-11EC-9F51-AC2B6E11458A}.Debug|x64.Build.0 = Debug|x64
		{CBBCCD6E-FFAD-11EC-9F51-AC2B6E11458A}.Debug|x86.ActiveCfg = Debug|Win32
		{CBBCCD6E-FFAD-11EC-9F51-AC2B6E11458A}.Debug|x86.Build.0 = Debug|Win32
		{CBBCCD6E-FFAD-11EC-9F51-AC2B6E11458A}.Release|x64.ActiveCfg = Release|x64
		{CBBCCD6E-FFAD-11EC-9F51-AC2B6E11458A}.Release|x64.Build.0 = Release|x64
		{CBBCCD6E-FFAD-11EC-9F51-AC2B6E11458A}.Release|x86.ActiveCfg = Release|Win32
		{CBBCCD6E-FFAD-11EC-9F51-AC2B6E11458A}.Release|x86.Build.0 = Release|Win32
		{DDC58770-2684-11EA-B617-AC2B6E11458A}.Debug|x64.ActiveCfg = Debug|x64
		{DDC58770-2684-11EA-B617-AC2B6E11458A}.Debug|x64.Build.0 = Debug|x64
		{DDC58770-2684-11EA-B617-AC2B6E11458A}.Debug|x86.ActiveCfg = Debug|Win32
		{DDC58770-2684-11EA-B617-AC2B6E11458A}.Debug|x86.Build.0 = Debug|Win32
		{DDC58770-2684-11EA-B617-AC2B6E11458A}.Release|x64.ActiveCfg = Release|x64
		{DDC58770-2684-11EA-B617-AC2B6E11458A}.Release|x64.Build.0 = Release|x64
		{DDC58770-2684-11EA-B617-AC2B6E11458A}.Release|x86.ActiveCfg = Release|Win32
		{DDC58770-2684-11EA-B617-AC2B6E11458A}.Release|x86.Build.0 = Release|Win32
		{7C327B2E-BEE9-11E7-9023-AC2B6E11458A}.Debug|x64.ActiveCfg = Debug|x64
		{7C327B2E-BEE9-11E7-9023-AC2B6E11458A}.Debug|x64.Build.0 = Debug|x64
		{7C327B2E-BEE9-11E7-9023-AC2B6E11458A}.Debug|x86.ActiveCfg = Debug|Win32
		{7C327B2E-BEE9-11E7-9023-AC2B6E11458A}.Debug|x86.Build.0 = Debug|Win32
		{7C327B2E-BEE9-11E7-9023-AC2B6E11458A}.Release|x64.ActiveCfg = Release|x64
		{7C327B2E-BEE9-11E7-9023-AC2B6E11458A}.Release|x64.Build.0 = Release|x64
		{7C327B2E-BEE9-11E7-9023-AC2B6E11458A}.Release|x86.ActiveCfg = Release|Win32
		{7C327B2E-BEE9-11E7-9023-AC2B6E11458A}.Release|x86.Build.0 = Release|Win32
		{0E8D0CA2-915B-11E9-B91C-34E12D458C69}.Debug|x64.ActiveCfg = Debug|x64
		{0E8D0CA2-915B-11E9-B91C-34E12D458C69}.Debug|x64.Build.0 = Debug|x64
		{0E8D0CA2-915B-11E9-B91C-34E12D458C69}.Debug|x86.ActiveCfg = Debug|Win32
		{0E8D0CA2-915B-11E9-B91C-34E12D458C69}.Debug|x86.Build.0 = Debug|Win32
		{0E8D0CA2-915B-11E9-B91C-34E12D458C69}.Release|x64.ActiveCfg = Release|x64
		{0E8D0CA2-915B-11E9-B91C-34E12D458C69}.Release|x64.Build.0 = Release|x64
		{0E8D0CA2-915B-11E9-B91C-34E12D458C69}.Release|x86.ActiveCfg = Release|Win32
		{0E8D0CA2-915B-11E9-B91C-34E12D458C69}.Release|x86.Build.0 = Release|Win32
		{0EE2DC28-915B-11E9-B1D9-34E12D458C69}.Debug|x64.ActiveCfg = Debug|x64
		{0EE2DC28-915B-11E9-B1D9-34E12D458C69}.Debug|x64.Build.0 = Debug|x64
		{0EE2DC28-915B-11E9-B1D9-34E12D458C69}.Debug|x86.ActiveCfg = Debug|Win32
		{0EE2DC28-915B-11E9-B1D9-34E12D458C69}.Debug|x86.Build.0 = Debug|Win32
		{0EE2DC28-915B-11E9-B1D9-34E12D458C69}.Release|x64.ActiveCfg = Release|x64
		{0EE2DC28-915B-11E9-B1D9-34E12D458C69}.Release|x64.Build.0 = Release|x64
		{0EE2DC28-915B-11E9-B1D9-34E12D458C69}.Release|x86.ActiveCfg = Release|Win32
		{0EE2DC28-915B-11E9-B1D9-34E12D458C69}.Release|x86.Build.0 = Release|Win32
		{0F01D8AC-915B-11E9-9AB1-34E12D458C69}.Debug|x64.ActiveCfg = Debug|x64
		{0F01D8AC-915B-11E9-9AB1-34E12D458C69}.Debug|x64.Build.0 = Debug|x64
		{0F01D8AC-915B-11E9-9AB1-34E12D458C69}.Debug|x86.ActiveCfg = Debug|Win32
		{0F01D8AC-915B-11E9-9AB1-34E12D458C69}.Debug|x86.Build.0 = Debug|Win32
		{0F01D8AC-915B-11E9-9AB1-34E12D458C69}.Release|x64.ActiveCfg = Release|x64
		{0F01D8AC-915B-11E9-9AB1-34E12D458C69}.Release|x64.Build.0 = Release|x64
		{0F01D8AC-915B-11E9-9AB1-34E12D458C69}.Release|x86.ActiveCfg = Release|Win32
		{0F01D8AC-915B-11E9-9AB1-34E12D458C69}.Release|x86.Build.0 = Release|Win32
		{0F27FBF6-915B-11E9-89D8-34E12D458C69}.Debug|x64.ActiveCfg = Debug|x64
		{0F27FBF6-915B-11E9-89D8-34E12D458C69}.Debug|x64.Build.0 = Debug|x64
		{0F27FBF6-915B-11E9-89D8-34E12D458C69}.Debug|x86.ActiveCfg = Debug|Win32
		{0F27FBF6-915B-11E9-89D8-34E12D458C69}.Debug|x86.Build.0 = Debug|Win32
		{0F27FBF6-915B-11E9-89D8-34E12D458C69}.Release|x64.ActiveCfg = Release|x64
		{0F27FBF6-915B-11E9-89D8-34E12D458C69}.Release|x64.Build.0 = Release|x64
		{0F27FBF6-915B-11E9-89D8-34E12D458C69}.Release|x86.ActiveCfg = Release|Win32
		{0F27FBF6-915B-11E9-89D8-34E12D458C69}.Release|x86.Build.0 = Release|Win32
		{0DC26036-915B-11E9-92F6-34E12D458C69}.Debug|x64.ActiveCfg = Debug|x64
		{0DC26036-915B-11E9-92F6-34E12D458C69}.Debug|x64.Build.0 = Debug|x64
		{0DC26036-915B-11E9-92F6-34E12D458C69}.Debug|x86.ActiveCfg = Debug|Win32
		{0DC26036-915B-11E9-92F6-34E12D458C69}.Debug|x86.Build.0 = Debug|Win32
		{0DC26036-915B-11E9-92F6-34E12D458C69}.Release|x64.ActiveCfg = Release|x64
		{0DC26036-915B-11E9-92F6-34E12D458C69}.Release|x64.Build.0 = Release|x64
		{0DC26036-915B-11E9-92F6-34E12D458C69}.Release|x86.ActiveCfg = Release|Win32
		{0DC26036-915B-11E9-92F6-34E12D458C69}.Release|x86.Build.0 = Release|Win32
		{49A23208-9913-11EA-8560-DCFE07D3132C}.Debug|x64.ActiveCfg = Debug|x64
		{49A23208-9913-11EA-8560-DCFE07D3132C}.Debug|x64.Build.0 = Debug|x64
		{49A23208-9913-11EA-8560-DCFE07D3132C}.Debug|x86.ActiveCfg = Debug|Win32
		{49A23208-9913-11EA-8560-DCFE07D3132C}.Debug|x86.Build.0 = Debug|Win32
		{49A23208-9913-11EA-8560-DCFE07D3132C}.Release|x64.ActiveCfg = Release|x64
		{49A23208-9913-11EA-8560-DCFE07D3132C}.Release|x64.Build.0 = Release|x64
		{49A23208-9913-11EA-8560-DCFE07D3132C}.Release|x86.ActiveCfg = Release|Win32
		{49A23208-9913-11EA-8560-DCFE07D3132C}.Release|x86.Build.0 = Release|Win32
		{C2754897-AFD8-4429-99F0-0B2E4B86DAE5}.Debug|x64.ActiveCfg = Debug|x64
		{C2754897-AFD8-4429-99F0-0B2E4B86DAE5}.Debug|x64.Build.0 = Debug|x64
		{C2754897-AFD8-4429-99F0-0B2E4B86DAE5}.Debug|x86.ActiveCfg = Debug|Win32
		{C2754897-AFD8-4429-99F0-0B2E4B86DAE5}.Debug|x86.Build.0 = Debug|Win32
		{C2754897-AFD8-4429-99F0-0B2E4B86DAE5}.Release|x64.ActiveCfg = Release|x64
		{C2754897-AFD8-4429-99F0-0B2E4B86DAE5}.Release|x64.Build.0 = Release|x64
		{C2754897-AFD8-4429-99F0-0B2E4B86DAE5}.Release|x86.ActiveCfg = Release|Win32
		{C2754897-AFD8-4429-99F0-0B2E4B86DAE5}.Release|x86.Build.0 = Release|Win32
		{32D9F6A5-8CF8-43AD-8B0D-5151AC4DB686}.Debug|x64.ActiveCfg = Debug|x64
		{32D9F6A5-8CF8-43AD-8B0D-5151AC4DB686}.Debug|x64.Build.0 = Debug|x64
		{32D9F6A5-8CF8-43AD-8B0D-5151AC4DB686}.Debug|x86.ActiveCfg = Debug|Win32
		{32D9F6A5-8CF8-43AD-8B0D-5151AC4DB686}.Debug|x86.Build.0 = Debug|Win32
		{32D9F6A5-8CF8-43AD-8B0D-5151AC4DB686}.Release|x64.ActiveCfg = Release|x64
		{32D9F6A5-8CF8-43AD-8B0D-5151AC4DB686}.Release|x64.Build.0 = Release|x64
		{32D9F6A5-8CF8-43AD-8B0D-5151AC4DB686}.Release|x86.ActiveCfg = Release|Win32
		{32D9F6A5-8CF8-43AD-8B0D-5151AC4DB686}.Release|x86.Build.0 = Release|Win32
		{2F6D8B9C-0FE3-4915-828F-248E2CFB807D}.Debug|x64.ActiveCfg = Debug|x64
		{2F6D8B9C-0FE3-4915-828F-248E2CFB807D}.Debug|x64.Build.0 = Debug|x64
		{2F6D8B9C-0FE3-4915-828F-248E2CFB807D}.Debug|x86.ActiveCfg = Debug|Win32
		{2F6D8B9C-0FE3-4915-828F-248E2CFB807D}.Debug|x86.Build.0 = Debug|Win32
		{2F6D8B9C-0FE3-4915-828F-248E2CFB807D}.Release|x64.ActiveCfg = Release|x64
		{2F6D8B9C-0FE3-4915-828F-248E2CFB807D}.Release|x64.Build.0 = Release|x64
		{2F6D8B9C-0FE3-4915-828F-248E2CFB807D}.Release|x86.ActiveCfg = Release|Win32
		{2F6D8B9C-0FE3-4915-828F-248E2CFB807D}.Release|x86.Build.0 = Release|Win32
		{251BD000-4DE2-48FF-939C-BF51D09AD9A2}.Debug|x64.ActiveCfg = Debug|x64
		{251BD000-4DE2-48FF-939C-BF51D09AD9A2}.Debug|x64.Build.0 = Debug|x64
		{251BD000-4DE2-48FF-939C-BF51D09AD9A2}.Debug|x86.ActiveCfg = Debug|Win32
		{251BD000-4DE2-48FF-939C-BF51D09AD9A2}.Debug|x86.Build.0 = Debug|Win32
		{251BD000-4DE2-48FF-939C-BF51D09AD9A2}.Release|x64.ActiveCfg = Release|x64
		{251BD000-4DE2-48FF-939C-BF51D09AD9A2}.Release|x64.Build.0 = Release|x64
		{251BD000-4DE2-48FF-939C-BF51D09AD9A2}.Release|x86.ActiveCfg = Release|Win32
		{251BD000-4DE2-48FF-939C-BF51D09AD9A2}.Release|x86.Build.0 = Release|Win32
		{87AEDBD4-A1E3-4BA8-AA7B-61E7370CFDCF}.Debug|x64.ActiveCfg = Debug|x64
		{87AEDBD4-A1E3-4BA8-AA7B-61E7370CFDCF}.Debug|x64.Build.0 = Debug|x64
		{87AEDBD4-A1E3-4BA8-AA7B-61E7370CFDCF}.Debug|x86.ActiveCfg = Debug|Win32
		{87AEDBD4-A1E3-4BA8-AA7B-61E7370CFDCF}.Debug|x86.Build.0 = Debug|Win32
		{87AEDBD4-A1E3-4BA8-AA7B-61E7370CFDCF}.Release|x64.ActiveCfg = Release|x64
		{87AEDBD4-A1E3-4BA8-AA7B-61E7370CFDCF}.Release|x64.Build.0 = Release|x64
		{87AEDBD4-A1E3-4BA8-AA7B-61E7370CFDCF}.Release|x86.ActiveCfg = Release|Win32
		{87AEDBD4-A1E3-4BA8-AA7B-61E7370CFDCF}.Release|x86.Build.0 = Release|Win32
		{9F555C11-EFBE-4A8C-93AF-151D7C363677}.Debug|x64.ActiveCfg = Debug|x64
		{9F555C11-EFBE-4A8C-93AF-151D7C363677}.Debug|x64.Build.0 = Debug|x64
		{9F555C11-EFBE-4A8C-93AF-151D7C363677}.Debug|x86.ActiveCfg = Debug|Win32
		{9F555C11-EFBE-4A8C-93AF-151D7C363677}.Debug|x86.Build.0 = Debug|Win32
		{9F555C11-EFBE-4A8C-93AF-151D7C363677}.Release|x64.ActiveCfg = Release|x64
		{9F555C11-EFBE-4A8C-93AF-151D7C363677}.Release|x64.Build.0 = Release|x64
		{9F555C11-EFBE-4A8C-93AF-151D7C363677}.Release|x86.ActiveCfg = Release|Win32
		{9F555C11-EFBE-4A8C-93AF-151D7C363677}.Release|x86.Build.0 = Release|Win32
		{81FA2FBE-839F-4652-8026-C230E1C498C3}.Debug|x64.ActiveCfg = Debug|x64
		{81FA2FBE-839F-4652-8026-C230E1C498C3}.Debug|x64.Build.0 = Debug|x64
		{81FA2FBE-839F-4652-8026-C230E1C498C3}.Debug|x86.ActiveCfg = Debug|Win32
		{81FA2FBE-839F-4652-8026-C230E1C498C3}.Debug|x86.Build.0 = Debug|Win32
		{81FA2FBE-839F-4652-8026-C230E1C498C3}.Release|x64.ActiveCfg = Release|x64
		{81FA2FBE-839F-4652-8026-C230E1C498C3}.Release|x64.Build.0 = Release|x64
		{81FA2FBE-839F-4652-8026-C230E1C498C3}.Release|x86.ActiveCfg = Release|Win32
		{81FA2FBE-839F-4652-8026-C230E1C498C3}.Release|x86.Build.0 = Release|Win32
		{D9BF6CD6-6CB2-4191-A9B7-5B47565472C2}.Debug|x64.ActiveCfg = Debug|x64
		{D9BF6CD6-6CB2-4191-A9B7-5B47565472C2}.Debug|x64.Build.0 = Debug|x64
		{D9BF6CD6-6CB2-4191-A9B7-5B47565472C2}.Debug|x86.ActiveCfg = Debug|Win32
		{D9BF6CD6-6CB2-4191-A9B7-5B47565472C2}.Debug|x86.Build.0 = Debug|Win32
		{D9BF6CD6-6CB2-4191-A9B7-5B47565472C2}.Release|x64.ActiveCfg = Release|x64
		{D9BF6CD6-6CB2-4191-A9B7-5B47565472C2}.Release|x64.Build.0 = Release|x64
		{D9BF6CD6-6CB2-4191-A9B7-5B47565472C2}.Release|x86.ActiveCfg = Release|Win32
		{D9BF6CD6-6CB2-4191-A9B7-5B47565472C2}.Release|x86.Build.0 = Release|Win32
		{F5460115-3D63-442A-AC08-C77196DA1C04}.Debug|x64.ActiveCfg = Debug|x64
		{F5460115-3D63-442A-AC08-C77196DA1C04}.Debug|x64.Build.0 = Debug|x64
		{F5460115-3D63-442A-AC08-C77196DA1C04}.Debug|x86.ActiveCfg = Debug|Win32
		{F5460115-3D63-442A-AC08-C77196DA1C04}.Debug|x86.Build.0 = Debug|Win32
		{F5460115-3D63-442A-AC08-C77196DA1C04}.Release|x64.ActiveCfg = Release|x64
		{F5460115-3D63-442A-AC08-C77196DA1C04}.Release|x64.Build.0 = Release|x64
		{F5460115-3D63-442A-AC08-C77196DA1C04}.Release|x86.ActiveCfg = Release|Win32
		{F5460115-3D63-442A-AC08-C77196DA1C04}.Release|x86.Build.0 = Release|Win32
		{9BF70764-FCD7-4558-A426-B269054D39CA}.Debug|x64.ActiveCfg = Debug|x64
		{9BF70764-FCD7-4558-A426-B269054D39CA}.Debug|x64.Build.0 = Debug|x64
		{9BF70764-FCD7-4558-A426-B269054D39CA}.Debug|x86.ActiveCfg = Debug|Win32
		{9BF70764-FCD7-4558-A426-B269054D39CA}.Debug|x86.Build.0 = Debug|Win32
		{9BF70764-FCD7-4558-A426-B269054D39CA}.Release|x64.ActiveCfg = Release|x64
		{9BF70764-FCD7-4558-A426-B269054D39CA}.Release|x64.Build.0 = Release|x64
		{9BF70764-FCD7-4558-A426-B269054D39CA}.Release|x86.ActiveCfg = Release|Win32
		{9BF70764-FCD7-4558-A426-B269054D39CA}.Release|x86.Build.0 = Release|Win32
		{67D5C6EA-5738-47A7-9448-62C4729211CA}.Debug|x64.ActiveCfg = Debug|x64
		{67D5C6EA-5738-47A7-9448-62C4729211CA}.Debug|x64.Build.0 = Debug|x64
		{67D5C6EA-5738-47A7-9448-62C4729211CA}.Debug|x86.ActiveCfg = Debug|Win32
		{67D5C6EA-5738-47A7-9448-62C4729211CA}.Debug|x86.Build.0 = Debug|Win32
		{67D5C6EA-5738-47A7-9448-62C4729211CA}.Release|x64.ActiveCfg = Release|x64
		{67D5C6EA-5738-47A7-9448-62C4729211CA}.Release|x64.Build.0 = Release|x64
		{67D5C6EA-5738-47A7-9448-62C4729211CA}.Release|x86.ActiveCfg = Release|Win32
		{67D5C6EA-5738-47A7-9448-62C4729211CA}.Release|x86.Build.0 = Release|Win32
		{38A7CC98-1090-4C59-97E7-10BE8E4DFB8B}.Debug|x64.ActiveCfg = Debug|x64
		{38A7CC98-1090-4C59-97E7-10BE8E4DFB8B}.Debug|x64.Build.0 = Debug|x64
		{38A7CC98-1090-4C59-97E7-10BE8E4DFB8B}.Debug|x86.ActiveCfg = Debug|Win32
		{38A7CC98-1090-4C59-97E7-10BE8E4DFB8B}.Debug|x86.Build.0 = Debug|Win32
		{38A7CC98-1090-4C59-97E7-10BE8E4DFB8B}.Release|x64.ActiveCfg = Release|x64
		{38A7CC98-1090-4C59-97E7-10BE8E4DFB8B}.Release|x64.Build.0 = Release|x64
		{38A7CC98-1090-4C59-97E7-10BE8E4DFB8B}.Release|x86.ActiveCfg = Release|Win32
		{38A7CC98-1090-4C59-97E7-10BE8E4DFB8B}.Release|x86.Build.0 = Release|Win32
	EndGlobalSection
	GlobalSection(SolutionProperties) = preSolution
		HideSolutionNode = FALSE
	EndGlobalSection
	GlobalSection(NestedProjects) = preSolution
		{798112FA-9159-11E9-8E39-34E12D458C69} = {6DB8A382-131E-4902-8484-4935B37B0B01}
		{27F180CF-9B25-11E2-8746-C485083D28D0} = {6DB8A382-131E-4902-8484-4935B37B0B01}
		{5660688F-DEE6-11E3-8EB6-C4850839C16D} = {6DB8A382-131E-4902-8484-4935B37B0B01}
		{A644B1B0-A8CD-11E5-82BB-0025647E0603} = {6DB8A382-131E-4902-8484-4935B37B0B01}
		{A83EFFF0-BBE7-11E7-9B16-AC2B6E11458A} = {6DB8A382-131E-4902-8484-4935B37B0B01}
		{053FC79E-C01D-11E7-891E-AC2B6E11458A} = {6DB8A382-131E-4902-8484-4935B37B0B01}
		{55D534AE-91CD-11E9-B460-AC2B6E11458A} = {6DB8A382-131E-4902-8484-4935B37B0B01}
		{633E0EDE-C6D3-11E7-8EC5-AC2B6E11458A} = {6DB8A382-131E-4902-8484-4935B37B0B01}
		{A5BB2E00-C6D9-11E7-9E01-AC2B6E11458A} = {6DB8A382-131E-4902-8484-4935B37B0B01}
		{A5B0F4CF-C6D9-11E7-822B-AC2B6E11458A} = {6DB8A382-131E-4902-8484-4935B37B0B01}
		{824B76E1-0B90-11E8-9FD9-AC2B6E11458A} = {6DB8A382-131E-4902-8484-4935B37B0B01}
		{8B17072E-9957-11EA-B465-DCFE07D3132C} = {6DB8A382-131E-4902-8484-4935B37B0B01}
		{3B0B364F-29C8-11EA-B858-AC2B6E11458A} = {6DB8A382-131E-4902-8484-4935B37B0B01}
		{0EAC096E-915B-11E9-AD4E-34E12D458C69} = {FAEBF765-64AD-483E-A581-47267FCB586B}
		{CBBCCD6E-FFAD-11EC-9F51-AC2B6E11458A} = {FAEBF765-64AD-483E-A581-47267FCB586B}
		{DDC58770-2684-11EA-B617-AC2B6E11458A} = {FAEBF765-64AD-483E-A581-47267FCB586B}
		{7C327B2E-BEE9-11E7-9023-AC2B6E11458A} = {FAEBF765-64AD-483E-A581-47267FCB586B}
		{0E8D0CA2-915B-11E9-B91C-34E12D458C69} = {FAEBF765-64AD-483E-A581-47267FCB586B}
		{0EE2DC28-915B-11E9-B1D9-34E12D458C69} = {FAEBF765-64AD-483E-A581-47267FCB586B}
		{0F01D8AC-915B-11E9-9AB1-34E12D458C69} = {FAEBF765-64AD-483E-A581-47267FCB586B}
		{0F27FBF6-915B-11E9-89D8-34E12D458C69} = {FAEBF765-64AD-483E-A581-47267FCB586B}
		{0DC26036-915B-11E9-92F6-34E12D458C69} = {FAEBF765-64AD-483E-A581-47267FCB586B}
		{49A23208-9913-11EA-8560-DCFE07D3132C} = {FAEBF765-64AD-483E-A581-47267FCB586B}
		{C2754897-AFD8-4429-99F0-0B2E4B86DAE5} = {FAEBF765-64AD-483E-A581-47267FCB586B}
		{32D9F6A5-8CF8-43AD-8B0D-5151AC4DB686} = {FAEBF765-64AD-483E-A581-47267FCB586B}
		{81FA2FBE-839F-4652-8026-C230E1C498C3} = {6DB8A382-131E-4902-8484-4935B37B0B01}
		{F5460115-3D63-442A-AC08-C77196DA1C04} = {02EA681E-C7D8-13C7-8484-4AC65E1B71E8}
		{9BF70764-FCD7-4558-A426-B269054D39CA} = {02EA681E-C7D8-13C7-8484-4AC65E1B71E8}
		{67D5C6EA-5738-47A7-9448-62C4729211CA} = {02EA681E-C7D8-13C7-8484-4AC65E1B71E8}
		{38A7CC98-1090-4C59-97E7-10BE8E4DFB8B} = {02EA681E-C7D8-13C7-8484-4AC65E1B71E8}
	EndGlobalSection
	GlobalSection(ExtensibilityGlobals) = postSolution
		SolutionGuid = {B689A53E-5D3F-44C8-BF7A-1FE88BBD18AA}
	EndGlobalSection
EndGlobal
